{
  "name": "ajs-node",
  "version": "1.0.0",
  "lockfileVersion": 3,
  "requires": true,
  "packages": {
    "": {
      "name": "ajs-node",
      "version": "1.0.0",
      "license": "ISC",
      "dependencies": {
        "@lunalexandra/ajs-homeworks-platforms": "^1.0.0"
      }
    },
    "node_modules/@lunalexandra/ajs-homeworks-platforms": {
      "version": "1.0.0",
      "resolved": "https://npm.pkg.github.com/download/@lunalexandra/ajs-homeworks-platforms/1.0.0/cb75861d2df4c276c049c88f63522097c2c58ffb",
      "integrity": "sha512-NJ3xUQpJrY277K8WizpvbX9XaP03giCkBw94n+48IAVMEyyAE66tvcgtFnK6qCk3ihMlcSNAUy8FAn66lpO0HQ==",
      "license": "ISC"
    }
  }
}
